{
  "name": "panic-test",
  "version": "1.0.0",
  "lockfileVersion": 1,
  "requires": true,
  "dependencies": {
    "@prisma/client": {
      "version": "2.0.0-preview023",
      "resolved": "https://registry.npmjs.org/@prisma/client/-/client-2.0.0-preview023.tgz",
      "integrity": "sha512-R3e+CFr5HkDTzMYnNk9iYsjY76C9/3zxdUxmejD3hivJGJ6yEKq5p95gE3skkzWnj5BBa9tE15tNI7/uZZhv5A=="
    },
    "prisma2": {
      "version": "2.0.0-preview023",
      "resolved": "https://registry.npmjs.org/prisma2/-/prisma2-2.0.0-preview023.tgz",
      "integrity": "sha512-rwK1fzVcC9S9eJJBn1qBwO3ccuN0FRii3UkQcwIGg98jyo3nx0QuLSmH0c6xtxDWhzIN1sRMepZf959AaVNxkA==",
      "dev": true
    }
  }
}
